
Microsoft Visual Studio Solution File, Format Version 12.00
# Visual Studio Version 17
VisualStudioVersion = 17.0.31903.59
MinimumVisualStudioVersion = 10.0.40219.1
Project("{2150E333-8FDC-42A3-9474-1A3956D46DE8}") = "src", "src", "{5C6D4A25-5310-4D1E-AA37-AD8FC2BDE7F2}"
EndProject
Project("{FAE04EC0-301F-11D3-BF4B-00C04F79EFBC}") = "Application", "src\Application\Application.csproj", "{F676154E-D4CE-4071-96AE-0E9C807706E9}"
EndProject
Global
	GlobalSection(SolutionConfigurationPlatforms) = preSolution
		Debug|Any CPU = Debug|Any CPU
		Release|Any CPU = Release|Any CPU
	EndGlobalSection
	GlobalSection(SolutionProperties) = preSolution
		HideSolutionNode = FALSE
	EndGlobalSection
	GlobalSection(ProjectConfigurationPlatforms) = postSolution
		{F676154E-D4CE-4071-96AE-0E9C807706E9}.Debug|Any CPU.ActiveCfg = Debug|Any CPU
		{F676154E-D4CE-4071-96AE-0E9C807706E9}.Debug|Any CPU.Build.0 = Debug|Any CPU
		{F676154E-D4CE-4071-96AE-0E9C807706E9}.Release|Any CPU.ActiveCfg = Release|Any CPU
		{F676154E-D4CE-4071-96AE-0E9C807706E9}.Release|Any CPU.Build.0 = Release|Any CPU
	EndGlobalSection
	GlobalSection(NestedProjects) = preSolution
		{F676154E-D4CE-4071-96AE-0E9C807706E9} = {5C6D4A25-5310-4D1E-AA37-AD8FC2BDE7F2}
	EndGlobalSection
EndGlobal
